
Microsoft Visual Studio Solution File, Format Version 12.00
# Visual Studio 15
VisualStudioVersion = 15.0.26124.0
MinimumVisualStudioVersion = 15.0.26124.0
Project("{FAE04EC0-301F-11D3-BF4B-00C04F79EFBC}") = "MyMath", "MyMath\MyMath.csproj", "{67E9ECC4-82EF-44B6-8690-0B560004A490}"
EndProject
Project("{FAE04EC0-301F-11D3-BF4B-00C04F79EFBC}") = "MyMath.Tests", "MyMath.Tests\MyMath.Tests.csproj", "{B803B743-29D7-451B-A3C0-10E896406A9C}"
EndProject
Global
	GlobalSection(SolutionConfigurationPlatforms) = preSolution
		Debug|Any CPU = Debug|Any CPU
		Debug|x64 = Debug|x64
		Debug|x86 = Debug|x86
		Release|Any CPU = Release|Any CPU
		Release|x64 = Release|x64
		Release|x86 = Release|x86
	EndGlobalSection
	GlobalSection(SolutionProperties) = preSolution
		HideSolutionNode = FALSE
	EndGlobalSection
	GlobalSection(ProjectConfigurationPlatforms) = postSolution
		{67E9ECC4-82EF-44B6-8690-0B560004A490}.Debug|Any CPU.ActiveCfg = Debug|Any CPU
		{67E9ECC4-82EF-44B6-8690-0B560004A490}.Debug|Any CPU.Build.0 = Debug|Any CPU
		{67E9ECC4-82EF-44B6-8690-0B560004A490}.Debug|x64.ActiveCfg = Debug|Any CPU
		{67E9ECC4-82EF-44B6-8690-0B560004A490}.Debug|x64.Build.0 = Debug|Any CPU
		{67E9ECC4-82EF-44B6-8690-0B560004A490}.Debug|x86.ActiveCfg = Debug|Any CPU
		{67E9ECC4-82EF-44B6-8690-0B560004A490}.Debug|x86.Build.0 = Debug|Any CPU
		{67E9ECC4-82EF-44B6-8690-0B560004A490}.Release|Any CPU.ActiveCfg = Release|Any CPU
		{67E9ECC4-82EF-44B6-8690-0B560004A490}.Release|Any CPU.Build.0 = Release|Any CPU
		{67E9ECC4-82EF-44B6-8690-0B560004A490}.Release|x64.ActiveCfg = Release|Any CPU
		{67E9ECC4-82EF-44B6-8690-0B560004A490}.Release|x64.Build.0 = Release|Any CPU
		{67E9ECC4-82EF-44B6-8690-0B560004A490}.Release|x86.ActiveCfg = Release|Any CPU
		{67E9ECC4-82EF-44B6-8690-0B560004A490}.Release|x86.Build.0 = Release|Any CPU
		{B803B743-29D7-451B-A3C0-10E896406A9C}.Debug|Any CPU.ActiveCfg = Debug|Any CPU
		{B803B743-29D7-451B-A3C0-10E896406A9C}.Debug|Any CPU.Build.0 = Debug|Any CPU
		{B803B743-29D7-451B-A3C0-10E896406A9C}.Debug|x64.ActiveCfg = Debug|Any CPU
		{B803B743-29D7-451B-A3C0-10E896406A9C}.Debug|x64.Build.0 = Debug|Any CPU
		{B803B743-29D7-451B-A3C0-10E896406A9C}.Debug|x86.ActiveCfg = Debug|Any CPU
		{B803B743-29D7-451B-A3C0-10E896406A9C}.Debug|x86.Build.0 = Debug|Any CPU
		{B803B743-29D7-451B-A3C0-10E896406A9C}.Release|Any CPU.ActiveCfg = Release|Any CPU
		{B803B743-29D7-451B-A3C0-10E896406A9C}.Release|Any CPU.Build.0 = Release|Any CPU
		{B803B743-29D7-451B-A3C0-10E896406A9C}.Release|x64.ActiveCfg = Release|Any CPU
		{B803B743-29D7-451B-A3C0-10E896406A9C}.Release|x64.Build.0 = Release|Any CPU
		{B803B743-29D7-451B-A3C0-10E896406A9C}.Release|x86.ActiveCfg = Release|Any CPU
		{B803B743-29D7-451B-A3C0-10E896406A9C}.Release|x86.Build.0 = Release|Any CPU
	EndGlobalSection
EndGlobal
